
Microsoft Visual Studio Solution File, Format Version 12.00
# Visual Studio Version 17
VisualStudioVersion = 17.9.34728.123
MinimumVisualStudioVersion = 10.0.40219.1
Project("{FAE04EC0-301F-11D3-BF4B-00C04F79EFBC}") = "BootstrapBlazorApp1.Server", "BootstrapBlazorApp1\BootstrapBlazorApp1.Server\BootstrapBlazorApp1.Server.csproj", "{ED35343E-1A64-4510-ACC8-3C0F04FCBCBC}"
EndProject
Global
	GlobalSection(SolutionConfigurationPlatforms) = preSolution
		Debug|Any CPU = Debug|Any CPU
		Release|Any CPU = Release|Any CPU
	EndGlobalSection
	GlobalSection(ProjectConfigurationPlatforms) = postSolution
		{ED35343E-1A64-4510-ACC8-3C0F04FCBCBC}.Debug|Any CPU.ActiveCfg = Debug|Any CPU
		{ED35343E-1A64-4510-ACC8-3C0F04FCBCBC}.Debug|Any CPU.Build.0 = Debug|Any CPU
		{ED35343E-1A64-4510-ACC8-3C0F04FCBCBC}.Release|Any CPU.ActiveCfg = Release|Any CPU
		{ED35343E-1A64-4510-ACC8-3C0F04FCBCBC}.Release|Any CPU.Build.0 = Release|Any CPU
	EndGlobalSection
	GlobalSection(SolutionProperties) = preSolution
		HideSolutionNode = FALSE
	EndGlobalSection
	GlobalSection(ExtensibilityGlobals) = postSolution
		SolutionGuid = {CC2DC41C-D334-41CD-A67C-7F06EAF84361}
	EndGlobalSection
EndGlobal
